
Microsoft Visual Studio Solution File, Format Version 12.00
# Visual Studio 14
VisualStudioVersion = 14.0.25420.1
MinimumVisualStudioVersion = 10.0.40219.1
Project("{8BC9CEB8-8B4A-11D0-8D11-00A0C91BC942}") = "F6301", "F6301\F6301.vcxproj", "{EF384B5C-8C65-4788-95A9-8DDED2B899B3}"
EndProject
Project("{8BC9CEB8-8B4A-11D0-8D11-00A0C91BC942}") = "F6302", "F6302\F6302.vcxproj", "{1A516AA1-14D5-4BE4-AA9D-5D04460ECF5B}"
EndProject
Project("{8BC9CEB8-8B4A-11D0-8D11-00A0C91BC942}") = "F6303", "F6303\F6303.vcxproj", "{B6AF20FC-22F0-4394-BFB0-6C3534DFD0C0}"
EndProject
Project("{8BC9CEB8-8B4A-11D0-8D11-00A0C91BC942}") = "F6304", "F6304\F6304.vcxproj", "{02BACF3B-2A26-416A-A504-50713FC04980}"
EndProject
Project("{8BC9CEB8-8B4A-11D0-8D11-00A0C91BC942}") = "F6305", "F6305\F6305.vcxproj", "{8E46317F-B6F2-4CF2-9CAC-0AFB35BDBDC0}"
EndProject
Project("{8BC9CEB8-8B4A-11D0-8D11-00A0C91BC942}") = "F6306", "F6306\F6306.vcxproj", "{D77FB851-BC94-45DB-B683-632FCF7A094B}"
EndProject
Project("{8BC9CEB8-8B4A-11D0-8D11-00A0C91BC942}") = "F6307", "F6307\F6307.vcxproj", "{12DD43A3-14CF-4A7D-AAB8-083ED758D392}"
EndProject
Project("{8BC9CEB8-8B4A-11D0-8D11-00A0C91BC942}") = "F6308", "F6308\F6308.vcxproj", "{7D907F84-9721-4319-932F-2B10EC71493A}"
EndProject
Project("{8BC9CEB8-8B4A-11D0-8D11-00A0C91BC942}") = "F6309", "F6309\F6309.vcxproj", "{DB236067-8D72-47E9-AC0E-CF83D6CFE33B}"
EndProject
Project("{8BC9CEB8-8B4A-11D0-8D11-00A0C91BC942}") = "F6310", "F6310\F6310.vcxproj", "{9424258C-21B5-47EC-9029-3BCD9A9EA98C}"
EndProject
Global
	GlobalSection(SolutionConfigurationPlatforms) = preSolution
		Debug|x64 = Debug|x64
		Debug|x86 = Debug|x86
		Release|x64 = Release|x64
		Release|x86 = Release|x86
	EndGlobalSection
	GlobalSection(ProjectConfigurationPlatforms) = postSolution
		{EF384B5C-8C65-4788-95A9-8DDED2B899B3}.Debug|x64.ActiveCfg = Debug|x64
		{EF384B5C-8C65-4788-95A9-8DDED2B899B3}.Debug|x64.Build.0 = Debug|x64
		{EF384B5C-8C65-4788-95A9-8DDED2B899B3}.Debug|x86.ActiveCfg = Debug|Win32
		{EF384B5C-8C65-4788-95A9-8DDED2B899B3}.Debug|x86.Build.0 = Debug|Win32
		{EF384B5C-8C65-4788-95A9-8DDED2B899B3}.Release|x64.ActiveCfg = Release|x64
		{EF384B5C-8C65-4788-95A9-8DDED2B899B3}.Release|x64.Build.0 = Release|x64
		{EF384B5C-8C65-4788-95A9-8DDED2B899B3}.Release|x86.ActiveCfg = Release|Win32
		{EF384B5C-8C65-4788-95A9-8DDED2B899B3}.Release|x86.Build.0 = Release|Win32
		{1A516AA1-14D5-4BE4-AA9D-5D04460ECF5B}.Debug|x64.ActiveCfg = Debug|x64
		{1A516AA1-14D5-4BE4-AA9D-5D04460ECF5B}.Debug|x64.Build.0 = Debug|x64
		{1A516AA1-14D5-4BE4-AA9D-5D04460ECF5B}.Debug|x86.ActiveCfg = Debug|Win32
		{1A516AA1-14D5-4BE4-AA9D-5D04460ECF5B}.Debug|x86.Build.0 = Debug|Win32
		{1A516AA1-14D5-4BE4-AA9D-5D04460ECF5B}.Release|x64.ActiveCfg = Release|x64
		{1A516AA1-14D5-4BE4-AA9D-5D04460ECF5B}.Release|x64.Build.0 = Release|x64
		{1A516AA1-14D5-4BE4-AA9D-5D04460ECF5B}.Release|x86.ActiveCfg = Release|Win32
		{1A516AA1-14D5-4BE4-AA9D-5D04460ECF5B}.Release|x86.Build.0 = Release|Win32
		{B6AF20FC-22F0-4394-BFB0-6C3534DFD0C0}.Debug|x64.ActiveCfg = Debug|x64
		{B6AF20FC-22F0-4394-BFB0-6C3534DFD0C0}.Debug|x64.Build.0 = Debug|x64
		{B6AF20FC-22F0-4394-BFB0-6C3534DFD0C0}.Debug|x86.ActiveCfg = Debug|Win32
		{B6AF20FC-22F0-4394-BFB0-6C3534DFD0C0}.Debug|x86.Build.0 = Debug|Win32
		{B6AF20FC-22F0-4394-BFB0-6C3534DFD0C0}.Release|x64.ActiveCfg = Release|x64
		{B6AF20FC-22F0-4394-BFB0-6C3534DFD0C0}.Release|x64.Build.0 = Release|x64
		{B6AF20FC-22F0-4394-BFB0-6C3534DFD0C0}.Release|x86.ActiveCfg = Release|Win32
		{B6AF20FC-22F0-4394-BFB0-6C3534DFD0C0}.Release|x86.Build.0 = Release|Win32
		{02BACF3B-2A26-416A-A504-50713FC04980}.Debug|x64.ActiveCfg = Debug|x64
		{02BACF3B-2A26-416A-A504-50713FC04980}.Debug|x64.Build.0 = Debug|x64
		{02BACF3B-2A26-416A-A504-50713FC04980}.Debug|x86.ActiveCfg = Debug|Win32
		{02BACF3B-2A26-416A-A504-50713FC04980}.Debug|x86.Build.0 = Debug|Win32
		{02BACF3B-2A26-416A-A504-50713FC04980}.Release|x64.ActiveCfg = Release|x64
		{02BACF3B-2A26-416A-A504-50713FC04980}.Release|x64.Build.0 = Release|x64
		{02BACF3B-2A26-416A-A504-50713FC04980}.Release|x86.ActiveCfg = Release|Win32
		{02BACF3B-2A26-416A-A504-50713FC04980}.Release|x86.Build.0 = Release|Win32
		{8E46317F-B6F2-4CF2-9CAC-0AFB35BDBDC0}.Debug|x64.ActiveCfg = Debug|x64
		{8E46317F-B6F2-4CF2-9CAC-0AFB35BDBDC0}.Debug|x64.Build.0 = Debug|x64
		{8E46317F-B6F2-4CF2-9CAC-0AFB35BDBDC0}.Debug|x86.ActiveCfg = Debug|Win32
		{8E46317F-B6F2-4CF2-9CAC-0AFB35BDBDC0}.Debug|x86.Build.0 = Debug|Win32
		{8E46317F-B6F2-4CF2-9CAC-0AFB35BDBDC0}.Release|x64.ActiveCfg = Release|x64
		{8E46317F-B6F2-4CF2-9CAC-0AFB35BDBDC0}.Release|x64.Build.0 = Release|x64
		{8E46317F-B6F2-4CF2-9CAC-0AFB35BDBDC0}.Release|x86.ActiveCfg = Release|Win32
		{8E46317F-B6F2-4CF2-9CAC-0AFB35BDBDC0}.Release|x86.Build.0 = Release|Win32
		{D77FB851-BC94-45DB-B683-632FCF7A094B}.Debug|x64.ActiveCfg = Debug|x64
		{D77FB851-BC94-45DB-B683-632FCF7A094B}.Debug|x64.Build.0 = Debug|x64
		{D77FB851-BC94-45DB-B683-632FCF7A094B}.Debug|x86.ActiveCfg = Debug|Win32
		{D77FB851-BC94-45DB-B683-632FCF7A094B}.Debug|x86.Build.0 = Debug|Win32
		{D77FB851-BC94-45DB-B683-632FCF7A094B}.Release|x64.ActiveCfg = Release|x64
		{D77FB851-BC94-45DB-B683-632FCF7A094B}.Release|x64.Build.0 = Release|x64
		{D77FB851-BC94-45DB-B683-632FCF7A094B}.Release|x86.ActiveCfg = Release|Win32
		{D77FB851-BC94-45DB-B683-632FCF7A094B}.Release|x86.Build.0 = Release|Win32
		{12DD43A3-14CF-4A7D-AAB8-083ED758D392}.Debug|x64.ActiveCfg = Debug|x64
		{12DD43A3-14CF-4A7D-AAB8-083ED758D392}.Debug|x64.Build.0 = Debug|x64
		{12DD43A3-14CF-4A7D-AAB8-083ED758D392}.Debug|x86.ActiveCfg = Debug|Win32
		{12DD43A3-14CF-4A7D-AAB8-083ED758D392}.Debug|x86.Build.0 = Debug|Win32
		{12DD43A3-14CF-4A7D-AAB8-083ED758D392}.Release|x64.ActiveCfg = Release|x64
		{12DD43A3-14CF-4A7D-AAB8-083ED758D392}.Release|x64.Build.0 = Release|x64
		{12DD43A3-14CF-4A7D-AAB8-083ED758D392}.Release|x86.ActiveCfg = Release|Win32
		{12DD43A3-14CF-4A7D-AAB8-083ED758D392}.Release|x86.Build.0 = Release|Win32
		{7D907F84-9721-4319-932F-2B10EC71493A}.Debug|x64.ActiveCfg = Debug|x64
		{7D907F84-9721-4319-932F-2B10EC71493A}.Debug|x64.Build.0 = Debug|x64
		{7D907F84-9721-4319-932F-2B10EC71493A}.Debug|x86.ActiveCfg = Debug|Win32
		{7D907F84-9721-4319-932F-2B10EC71493A}.Debug|x86.Build.0 = Debug|Win32
		{7D907F84-9721-4319-932F-2B10EC71493A}.Release|x64.ActiveCfg = Release|x64
		{7D907F84-9721-4319-932F-2B10EC71493A}.Release|x64.Build.0 = Release|x64
		{7D907F84-9721-4319-932F-2B10EC71493A}.Release|x86.ActiveCfg = Release|Win32
		{7D907F84-9721-4319-932F-2B10EC71493A}.Release|x86.Build.0 = Release|Win32
		{DB236067-8D72-47E9-AC0E-CF83D6CFE33B}.Debug|x64.ActiveCfg = Debug|x64
		{DB236067-8D72-47E9-AC0E-CF83D6CFE33B}.Debug|x64.Build.0 = Debug|x64
		{DB236067-8D72-47E9-AC0E-CF83D6CFE33B}.Debug|x86.ActiveCfg = Debug|Win32
		{DB236067-8D72-47E9-AC0E-CF83D6CFE33B}.Debug|x86.Build.0 = Debug|Win32
		{DB236067-8D72-47E9-AC0E-CF83D6CFE33B}.Release|x64.ActiveCfg = Release|x64
		{DB236067-8D72-47E9-AC0E-CF83D6CFE33B}.Release|x64.Build.0 = Release|x64
		{DB236067-8D72-47E9-AC0E-CF83D6CFE33B}.Release|x86.ActiveCfg = Release|Win32
		{DB236067-8D72-47E9-AC0E-CF83D6CFE33B}.Release|x86.Build.0 = Release|Win32
		{9424258C-21B5-47EC-9029-3BCD9A9EA98C}.Debug|x64.ActiveCfg = Debug|x64
		{9424258C-21B5-47EC-9029-3BCD9A9EA98C}.Debug|x64.Build.0 = Debug|x64
		{9424258C-21B5-47EC-9029-3BCD9A9EA98C}.Debug|x86.ActiveCfg = Debug|Win32
		{9424258C-21B5-47EC-9029-3BCD9A9EA98C}.Debug|x86.Build.0 = Debug|Win32
		{9424258C-21B5-47EC-9029-3BCD9A9EA98C}.Release|x64.ActiveCfg = Release|x64
		{9424258C-21B5-47EC-9029-3BCD9A9EA98C}.Release|x64.Build.0 = Release|x64
		{9424258C-21B5-47EC-9029-3BCD9A9EA98C}.Release|x86.ActiveCfg = Release|Win32
		{9424258C-21B5-47EC-9029-3BCD9A9EA98C}.Release|x86.Build.0 = Release|Win32
	EndGlobalSection
	GlobalSection(SolutionProperties) = preSolution
		HideSolutionNode = FALSE
	EndGlobalSection
EndGlobal
